
Microsoft Visual Studio Solution File, Format Version 12.00
# Visual Studio Version 17
VisualStudioVersion = 17.4.33403.182
MinimumVisualStudioVersion = 10.0.40219.1
Project("{9A19103F-16F7-4668-BE54-9A1E7A4F7556}") = "Reptitoire", "Reptitoire.csproj", "{1270BD27-3A04-4EB3-B281-1A0E580BB055}"
EndProject
Global
	GlobalSection(SolutionConfigurationPlatforms) = preSolution
		Debug|Any CPU = Debug|Any CPU
		Release|Any CPU = Release|Any CPU
	EndGlobalSection
	GlobalSection(ProjectConfigurationPlatforms) = postSolution
		{1270BD27-3A04-4EB3-B281-1A0E580BB055}.Debug|Any CPU.ActiveCfg = Debug|Any CPU
		{1270BD27-3A04-4EB3-B281-1A0E580BB055}.Debug|Any CPU.Build.0 = Debug|Any CPU
		{1270BD27-3A04-4EB3-B281-1A0E580BB055}.Release|Any CPU.ActiveCfg = Release|Any CPU
		{1270BD27-3A04-4EB3-B281-1A0E580BB055}.Release|Any CPU.Build.0 = Release|Any CPU
	EndGlobalSection
	GlobalSection(SolutionProperties) = preSolution
		HideSolutionNode = FALSE
	EndGlobalSection
	GlobalSection(ExtensibilityGlobals) = postSolution
		SolutionGuid = {27557659-7D29-4884-9BF9-75D70B2665B2}
	EndGlobalSection
EndGlobal
